
Microsoft Visual Studio Solution File, Format Version 12.00
# Visual Studio Version 16
VisualStudioVersion = 16.0.31702.278
MinimumVisualStudioVersion = 10.0.40219.1
Project("{FAE04EC0-301F-11D3-BF4B-00C04F79EFBC}") = "RPName", "RPName\RPName.csproj", "{0F1F581F-3049-421E-BC79-99AE0939A43C}"
EndProject
Global
	GlobalSection(SolutionConfigurationPlatforms) = preSolution
		Debug|Any CPU = Debug|Any CPU
		Release|Any CPU = Release|Any CPU
	EndGlobalSection
	GlobalSection(ProjectConfigurationPlatforms) = postSolution
		{0F1F581F-3049-421E-BC79-99AE0939A43C}.Debug|Any CPU.ActiveCfg = Debug|Any CPU
		{0F1F581F-3049-421E-BC79-99AE0939A43C}.Debug|Any CPU.Build.0 = Debug|Any CPU
		{0F1F581F-3049-421E-BC79-99AE0939A43C}.Release|Any CPU.ActiveCfg = Release|Any CPU
		{0F1F581F-3049-421E-BC79-99AE0939A43C}.Release|Any CPU.Build.0 = Release|Any CPU
	EndGlobalSection
	GlobalSection(SolutionProperties) = preSolution
		HideSolutionNode = FALSE
	EndGlobalSection
	GlobalSection(ExtensibilityGlobals) = postSolution
		SolutionGuid = {E4D379AA-611F-478F-8E53-DD768FD6CB32}
	EndGlobalSection
EndGlobal
